
Microsoft Visual Studio Solution File, Format Version 12.00
# Visual Studio 15
VisualStudioVersion = 15.0.28010.2046
MinimumVisualStudioVersion = 10.0.40219.1
Project("{9A19103F-16F7-4668-BE54-9A1E7A4F7556}") = "01_Task", "01_Task\01_Task.csproj", "{57CA2A7A-16A7-4266-83F2-2ABDB3394E2A}"
EndProject
Project("{9A19103F-16F7-4668-BE54-9A1E7A4F7556}") = "10_Task", "10_Task\10_Task.csproj", "{E07611FC-6C75-4791-A8C1-A43B79734462}"
EndProject
Project("{9A19103F-16F7-4668-BE54-9A1E7A4F7556}") = "02_Task", "02_Task\02_Task.csproj", "{182F97F2-B857-4C4C-AE90-29DE898593F5}"
EndProject
Project("{9A19103F-16F7-4668-BE54-9A1E7A4F7556}") = "03_Task", "03_Task\03_Task.csproj", "{FD428229-0FEC-4A1D-9FF5-414FF5C41623}"
EndProject
Project("{9A19103F-16F7-4668-BE54-9A1E7A4F7556}") = "04_Task", "04_Task\04_Task.csproj", "{DDC83D5B-108E-4A6A-88B3-45C09B4AD194}"
EndProject
Project("{9A19103F-16F7-4668-BE54-9A1E7A4F7556}") = "05_Task", "05_Task\05_Task.csproj", "{1618D3D8-ABD3-4AF4-A275-B678FC4A546E}"
EndProject
Project("{9A19103F-16F7-4668-BE54-9A1E7A4F7556}") = "06_Task", "06_Task\06_Task.csproj", "{DA4AC3B1-25F9-43D6-A934-4DA95F305562}"
EndProject
Project("{9A19103F-16F7-4668-BE54-9A1E7A4F7556}") = "07_Task", "07_Task\07_Task.csproj", "{18A223A9-1FD7-441B-B08C-47EDA8B14DEE}"
EndProject
Project("{9A19103F-16F7-4668-BE54-9A1E7A4F7556}") = "08_Task", "08_Task\08_Task.csproj", "{38B11A7B-B261-401D-887D-3DC6204B6B44}"
EndProject
Project("{9A19103F-16F7-4668-BE54-9A1E7A4F7556}") = "09_Task", "09_Task\09_Task.csproj", "{8FE8BF8D-1184-4440-AE3F-A62FFCB6D21E}"
EndProject
Project("{9A19103F-16F7-4668-BE54-9A1E7A4F7556}") = "11_Task", "11_Task\11_Task.csproj", "{79618BCF-26AF-4066-A6F1-7655AD6A605B}"
EndProject
Project("{9A19103F-16F7-4668-BE54-9A1E7A4F7556}") = "12_Task", "12_Task\12_Task.csproj", "{5CBEE1A7-79B8-4AC7-A3FF-F92DD340924C}"
EndProject
Project("{9A19103F-16F7-4668-BE54-9A1E7A4F7556}") = "13_Task", "13_Task\13_Task.csproj", "{21899064-8F6F-4444-A911-15760C9EF27C}"
EndProject
Global
	GlobalSection(SolutionConfigurationPlatforms) = preSolution
		Debug|Any CPU = Debug|Any CPU
		Release|Any CPU = Release|Any CPU
	EndGlobalSection
	GlobalSection(ProjectConfigurationPlatforms) = postSolution
		{57CA2A7A-16A7-4266-83F2-2ABDB3394E2A}.Debug|Any CPU.ActiveCfg = Debug|Any CPU
		{57CA2A7A-16A7-4266-83F2-2ABDB3394E2A}.Debug|Any CPU.Build.0 = Debug|Any CPU
		{57CA2A7A-16A7-4266-83F2-2ABDB3394E2A}.Release|Any CPU.ActiveCfg = Release|Any CPU
		{57CA2A7A-16A7-4266-83F2-2ABDB3394E2A}.Release|Any CPU.Build.0 = Release|Any CPU
		{E07611FC-6C75-4791-A8C1-A43B79734462}.Debug|Any CPU.ActiveCfg = Debug|Any CPU
		{E07611FC-6C75-4791-A8C1-A43B79734462}.Debug|Any CPU.Build.0 = Debug|Any CPU
		{E07611FC-6C75-4791-A8C1-A43B79734462}.Release|Any CPU.ActiveCfg = Release|Any CPU
		{E07611FC-6C75-4791-A8C1-A43B79734462}.Release|Any CPU.Build.0 = Release|Any CPU
		{182F97F2-B857-4C4C-AE90-29DE898593F5}.Debug|Any CPU.ActiveCfg = Debug|Any CPU
		{182F97F2-B857-4C4C-AE90-29DE898593F5}.Debug|Any CPU.Build.0 = Debug|Any CPU
		{182F97F2-B857-4C4C-AE90-29DE898593F5}.Release|Any CPU.ActiveCfg = Release|Any CPU
		{182F97F2-B857-4C4C-AE90-29DE898593F5}.Release|Any CPU.Build.0 = Release|Any CPU
		{FD428229-0FEC-4A1D-9FF5-414FF5C41623}.Debug|Any CPU.ActiveCfg = Debug|Any CPU
		{FD428229-0FEC-4A1D-9FF5-414FF5C41623}.Debug|Any CPU.Build.0 = Debug|Any CPU
		{FD428229-0FEC-4A1D-9FF5-414FF5C41623}.Release|Any CPU.ActiveCfg = Release|Any CPU
		{FD428229-0FEC-4A1D-9FF5-414FF5C41623}.Release|Any CPU.Build.0 = Release|Any CPU
		{DDC83D5B-108E-4A6A-88B3-45C09B4AD194}.Debug|Any CPU.ActiveCfg = Debug|Any CPU
		{DDC83D5B-108E-4A6A-88B3-45C09B4AD194}.Debug|Any CPU.Build.0 = Debug|Any CPU
		{DDC83D5B-108E-4A6A-88B3-45C09B4AD194}.Release|Any CPU.ActiveCfg = Release|Any CPU
		{DDC83D5B-108E-4A6A-88B3-45C09B4AD194}.Release|Any CPU.Build.0 = Release|Any CPU
		{1618D3D8-ABD3-4AF4-A275-B678FC4A546E}.Debug|Any CPU.ActiveCfg = Debug|Any CPU
		{1618D3D8-ABD3-4AF4-A275-B678FC4A546E}.Debug|Any CPU.Build.0 = Debug|Any CPU
		{1618D3D8-ABD3-4AF4-A275-B678FC4A546E}.Release|Any CPU.ActiveCfg = Release|Any CPU
		{1618D3D8-ABD3-4AF4-A275-B678FC4A546E}.Release|Any CPU.Build.0 = Release|Any CPU
		{DA4AC3B1-25F9-43D6-A934-4DA95F305562}.Debug|Any CPU.ActiveCfg = Debug|Any CPU
		{DA4AC3B1-25F9-43D6-A934-4DA95F305562}.Debug|Any CPU.Build.0 = Debug|Any CPU
		{DA4AC3B1-25F9-43D6-A934-4DA95F305562}.Release|Any CPU.ActiveCfg = Release|Any CPU
		{DA4AC3B1-25F9-43D6-A934-4DA95F305562}.Release|Any CPU.Build.0 = Release|Any CPU
		{18A223A9-1FD7-441B-B08C-47EDA8B14DEE}.Debug|Any CPU.ActiveCfg = Debug|Any CPU
		{18A223A9-1FD7-441B-B08C-47EDA8B14DEE}.Debug|Any CPU.Build.0 = Debug|Any CPU
		{18A223A9-1FD7-441B-B08C-47EDA8B14DEE}.Release|Any CPU.ActiveCfg = Release|Any CPU
		{18A223A9-1FD7-441B-B08C-47EDA8B14DEE}.Release|Any CPU.Build.0 = Release|Any CPU
		{38B11A7B-B261-401D-887D-3DC6204B6B44}.Debug|Any CPU.ActiveCfg = Debug|Any CPU
		{38B11A7B-B261-401D-887D-3DC6204B6B44}.Debug|Any CPU.Build.0 = Debug|Any CPU
		{38B11A7B-B261-401D-887D-3DC6204B6B44}.Release|Any CPU.ActiveCfg = Release|Any CPU
		{38B11A7B-B261-401D-887D-3DC6204B6B44}.Release|Any CPU.Build.0 = Release|Any CPU
		{8FE8BF8D-1184-4440-AE3F-A62FFCB6D21E}.Debug|Any CPU.ActiveCfg = Debug|Any CPU
		{8FE8BF8D-1184-4440-AE3F-A62FFCB6D21E}.Debug|Any CPU.Build.0 = Debug|Any CPU
		{8FE8BF8D-1184-4440-AE3F-A62FFCB6D21E}.Release|Any CPU.ActiveCfg = Release|Any CPU
		{8FE8BF8D-1184-4440-AE3F-A62FFCB6D21E}.Release|Any CPU.Build.0 = Release|Any CPU
		{79618BCF-26AF-4066-A6F1-7655AD6A605B}.Debug|Any CPU.ActiveCfg = Debug|Any CPU
		{79618BCF-26AF-4066-A6F1-7655AD6A605B}.Debug|Any CPU.Build.0 = Debug|Any CPU
		{79618BCF-26AF-4066-A6F1-7655AD6A605B}.Release|Any CPU.ActiveCfg = Release|Any CPU
		{79618BCF-26AF-4066-A6F1-7655AD6A605B}.Release|Any CPU.Build.0 = Release|Any CPU
		{5CBEE1A7-79B8-4AC7-A3FF-F92DD340924C}.Debug|Any CPU.ActiveCfg = Debug|Any CPU
		{5CBEE1A7-79B8-4AC7-A3FF-F92DD340924C}.Debug|Any CPU.Build.0 = Debug|Any CPU
		{5CBEE1A7-79B8-4AC7-A3FF-F92DD340924C}.Release|Any CPU.ActiveCfg = Release|Any CPU
		{5CBEE1A7-79B8-4AC7-A3FF-F92DD340924C}.Release|Any CPU.Build.0 = Release|Any CPU
		{21899064-8F6F-4444-A911-15760C9EF27C}.Debug|Any CPU.ActiveCfg = Debug|Any CPU
		{21899064-8F6F-4444-A911-15760C9EF27C}.Debug|Any CPU.Build.0 = Debug|Any CPU
		{21899064-8F6F-4444-A911-15760C9EF27C}.Release|Any CPU.ActiveCfg = Release|Any CPU
		{21899064-8F6F-4444-A911-15760C9EF27C}.Release|Any CPU.Build.0 = Release|Any CPU
	EndGlobalSection
	GlobalSection(SolutionProperties) = preSolution
		HideSolutionNode = FALSE
	EndGlobalSection
	GlobalSection(ExtensibilityGlobals) = postSolution
		SolutionGuid = {4B8EF94B-491F-4F58-B615-3971AE258F9C}
	EndGlobalSection
EndGlobal
